// !$*UTF8*$!
{
	archiveVersion = 1;
	classes = {
	};
	objectVersion = 48;
	objects = {

/* Begin PBXBuildFile section */
		5E26B6632042FE2A008AFFFF /* AppDelegate.m in Sources */ = {isa = PBXBuildFile; fileRef = 5E26B6622042FE2A008AFFFF /* AppDelegate.m */; };
		5E26B6662042FE2A008AFFFF /* ViewController.m in Sources */ = {isa = PBXBuildFile; fileRef = 5E26B6652042FE2A008AFFFF /* ViewController.m */; };
		5E26B6692042FE2A008AFFFF /* Main.storyboard in Resources */ = {isa = PBXBuildFile; fileRef = 5E26B6672042FE2A008AFFFF /* Main.storyboard */; };
		5E26B66B2042FE2A008AFFFF /* Assets.xcassets in Resources */ = {isa = PBXBuildFile; fileRef = 5E26B66A2042FE2A008AFFFF /* Assets.xcassets */; };
		5E26B66E2042FE2A008AFFFF /* LaunchScreen.storyboard in Resources */ = {isa = PBXBuildFile; fileRef = 5E26B66C2042FE2A008AFFFF /* LaunchScreen.storyboard */; };
		5E26B6712042FE2A008AFFFF /* main.m in Sources */ = {isa = PBXBuildFile; fileRef = 5E26B6702042FE2A008AFFFF /* main.m */; };
/* End PBXBuildFile section */

/* Begin PBXFileReference section */
		5A1038D52084A77700572630 /* libbkndlss-simulator.a */ = {isa = PBXFileReference; lastKnownFileType = archive.ar; name = "libbkndlss-simulator.a"; path = "ios/backendless/libbkndlss-simulator.a"; sourceTree = "<group>"; };
		5E26B65E2042FE2A008AFFFF /* BallControlObjC.app */ = {isa = PBXFileReference; explicitFileType = wrapper.application; includeInIndex = 0; path = BallControlObjC.app; sourceTree = BUILT_PRODUCTS_DIR; };
		5E26B6612042FE2A008AFFFF /* AppDelegate.h */ = {isa = PBXFileReference; lastKnownFileType = sourcecode.c.h; path = AppDelegate.h; sourceTree = "<group>"; };
		5E26B6622042FE2A008AFFFF /* AppDelegate.m */ = {isa = PBXFileReference; lastKnownFileType = sourcecode.c.objc; path = AppDelegate.m; sourceTree = "<group>"; };
		5E26B6642042FE2A008AFFFF /* ViewController.h */ = {isa = PBXFileReference; lastKnownFileType = sourcecode.c.h; path = ViewController.h; sourceTree = "<group>"; };
		5E26B6652042FE2A008AFFFF /* ViewController.m */ = {isa = PBXFileReference; lastKnownFileType = sourcecode.c.objc; path = ViewController.m; sourceTree = "<group>"; };
		5E26B6682042FE2A008AFFFF /* Base */ = {isa = PBXFileReference; lastKnownFileType = file.storyboard; name = Base; path = Base.lproj/Main.storyboard; sourceTree = "<group>"; };
		5E26B66A2042FE2A008AFFFF /* Assets.xcassets */ = {isa = PBXFileReference; lastKnownFileType = folder.assetcatalog; path = Assets.xcassets; sourceTree = "<group>"; };
		5E26B66D2042FE2A008AFFFF /* Base */ = {isa = PBXFileReference; lastKnownFileType = file.storyboard; name = Base; path = Base.lproj/LaunchScreen.storyboard; sourceTree = "<group>"; };
		5E26B66F2042FE2A008AFFFF /* Info.plist */ = {isa = PBXFileReference; lastKnownFileType = text.plist.xml; path = Info.plist; sourceTree = "<group>"; };
		5E26B6702042FE2A008AFFFF /* main.m */ = {isa = PBXFileReference; lastKnownFileType = sourcecode.c.objc; path = main.m; sourceTree = "<group>"; };
/* End PBXFileReference section */

/* Begin PBXFrameworksBuildPhase section */
		5E26B65B2042FE2A008AFFFF /* Frameworks */ = {
			isa = PBXFrameworksBuildPhase;
			buildActionMask = 2147483647;
			files = (
			);
			runOnlyForDeploymentPostprocessing = 0;
		};
/* End PBXFrameworksBuildPhase section */

/* Begin PBXGroup section */
		5E26B6552042FE2A008AFFFF = {
			isa = PBXGroup;
			children = (
				5E26B6602042FE2A008AFFFF /* BallControlObjC */,
				5E26B65F2042FE2A008AFFFF /* Products */,
				AEB64BA64B569D74639E4026 /* Frameworks */,
			);
			sourceTree = "<group>";
		};
		5E26B65F2042FE2A008AFFFF /* Products */ = {
			isa = PBXGroup;
			children = (
				5E26B65E2042FE2A008AFFFF /* BallControlObjC.app */,
			);
			name = Products;
			sourceTree = "<group>";
		};
		5E26B6602042FE2A008AFFFF /* BallControlObjC */ = {
			isa = PBXGroup;
			children = (
				5E26B6612042FE2A008AFFFF /* AppDelegate.h */,
				5E26B6622042FE2A008AFFFF /* AppDelegate.m */,
				5E26B6642042FE2A008AFFFF /* ViewController.h */,
				5E26B6652042FE2A008AFFFF /* ViewController.m */,
				5E26B6672042FE2A008AFFFF /* Main.storyboard */,
				5E26B66A2042FE2A008AFFFF /* Assets.xcassets */,
				5E26B66C2042FE2A008AFFFF /* LaunchScreen.storyboard */,
				5E26B66F2042FE2A008AFFFF /* Info.plist */,
				5E26B6702042FE2A008AFFFF /* main.m */,
			);
			path = BallControlObjC;
			sourceTree = "<group>";
		};
		AEB64BA64B569D74639E4026 /* Frameworks */ = {
			isa = PBXGroup;
			children = (
				5A1038D52084A77700572630 /* libbkndlss-simulator.a */,
			);
			name = Frameworks;
			sourceTree = "<group>";
		};
/* End PBXGroup section */

/* Begin PBXNativeTarget section */
		5E26B65D2042FE2A008AFFFF /* BallControlObjC */ = {
			isa = PBXNativeTarget;
			buildConfigurationList = 5E26B6742042FE2A008AFFFF /* Build configuration list for PBXNativeTarget "BallControlObjC" */;
			buildPhases = (
				5E26B65A2042FE2A008AFFFF /* Sources */,
				5E26B65B2042FE2A008AFFFF /* Frameworks */,
				5E26B65C2042FE2A008AFFFF /* Resources */,
			);
			buildRules = (
			);
			dependencies = (
			);
			name = BallControlObjC;
			productName = BallControlObjC;
			productReference = 5E26B65E2042FE2A008AFFFF /* BallControlObjC.app */;
			productType = "com.apple.product-type.application";
		};
/* End PBXNativeTarget section */

/* Begin PBXProject section */
		5E26B6562042FE2A008AFFFF /* Project object */ = {
			isa = PBXProject;
			attributes = {
				LastUpgradeCheck = 0930;
				ORGANIZATIONNAME = Backendless;
				TargetAttributes = {
					5E26B65D2042FE2A008AFFFF = {
						CreatedOnToolsVersion = 9.2;
						ProvisioningStyle = Automatic;
					};
				};
			};
			buildConfigurationList = 5E26B6592042FE2A008AFFFF /* Build configuration list for PBXProject "BallControlObjC" */;
			compatibilityVersion = "Xcode 8.0";
			developmentRegion = en;
			hasScannedForEncodings = 0;
			knownRegions = (
				en,
				Base,
			);
			mainGroup = 5E26B6552042FE2A008AFFFF;
			productRefGroup = 5E26B65F2042FE2A008AFFFF /* Products */;
			projectDirPath = "";
			projectRoot = "";
			targets = (
				5E26B65D2042FE2A008AFFFF /* BallControlObjC */,
			);
		};
/* End PBXProject section */

/* Begin PBXResourcesBuildPhase section */
		5E26B65C2042FE2A008AFFFF /* Resources */ = {
			isa = PBXResourcesBuildPhase;
			buildActionMask = 2147483647;
			files = (
				5E26B66E2042FE2A008AFFFF /* LaunchScreen.storyboard in Resources */,
				5E26B66B2042FE2A008AFFFF /* Assets.xcassets in Resources */,
				5E26B6692042FE2A008AFFFF /* Main.storyboard in Resources */,
			);
			runOnlyForDeploymentPostprocessing = 0;
		};
/* End PBXResourcesBuildPhase section */

/* Begin PBXSourcesBuildPhase section */
		5E26B65A2042FE2A008AFFFF /* Sources */ = {
			isa = PBXSourcesBuildPhase;
			buildActionMask = 2147483647;
			files = (
				5E26B6662042FE2A008AFFFF /* ViewController.m in Sources */,
				5E26B6712042FE2A008AFFFF /* main.m in Sources */,
				5E26B6632042FE2A008AFFFF /* AppDelegate.m in Sources */,
			);
			runOnlyForDeploymentPostprocessing = 0;
		};
/* End PBXSourcesBuildPhase section */

/* Begin PBXVariantGroup section */
		5E26B6672042FE2A008AFFFF /* Main.storyboard */ = {
			isa = PBXVariantGroup;
			children = (
				5E26B6682042FE2A008AFFFF /* Base */,
			);
			name = Main.storyboard;
			sourceTree = "<group>";
		};
		5E26B66C2042FE2A008AFFFF /* LaunchScreen.storyboard */ = {
			isa = PBXVariantGroup;
			children = (
				5E26B66D2042FE2A008AFFFF /* Base */,
			);
			name = LaunchScreen.storyboard;
			sourceTree = "<group>";
		};
/* End PBXVariantGroup section */

/* Begin XCBuildConfiguration section */
		5E26B6722042FE2A008AFFFF /* Debug */ = {
			isa = XCBuildConfiguration;
			buildSettings = {
				ALWAYS_SEARCH_USER_PATHS = NO;
				CLANG_ANALYZER_NONNULL = YES;
				CLANG_ANALYZER_NUMBER_OBJECT_CONVERSION = YES_AGGRESSIVE;
				CLANG_CXX_LANGUAGE_STANDARD = "gnu++14";
				CLANG_CXX_LIBRARY = "libc++";
				CLANG_ENABLE_MODULES = YES;
				CLANG_ENABLE_OBJC_ARC = YES;
				CLANG_WARN_BLOCK_CAPTURE_AUTORELEASING = YES;
				CLANG_WARN_BOOL_CONVERSION = YES;
				CLANG_WARN_COMMA = YES;
				CLANG_WARN_CONSTANT_CONVERSION = YES;
				CLANG_WARN_DEPRECATED_OBJC_IMPLEMENTATIONS = YES;
				CLANG_WARN_DIRECT_OBJC_ISA_USAGE = YES_ERROR;
				CLANG_WARN_DOCUMENTATION_COMMENTS = YES;
				CLANG_WARN_EMPTY_BODY = YES;
				CLANG_WARN_ENUM_CONVERSION = YES;
				CLANG_WARN_INFINITE_RECURSION = YES;
				CLANG_WARN_INT_CONVERSION = YES;
				CLANG_WARN_NON_LITERAL_NULL_CONVERSION = YES;
				CLANG_WARN_OBJC_IMPLICIT_RETAIN_SELF = YES;
				CLANG_WARN_OBJC_LITERAL_CONVERSION = YES;
				CLANG_WARN_OBJC_ROOT_CLASS = YES_ERROR;
				CLANG_WARN_RANGE_LOOP_ANALYSIS = YES;
				CLANG_WARN_STRICT_PROTOTYPES = YES;
				CLANG_WARN_SUSPICIOUS_MOVE = YES;
				CLANG_WARN_UNGUARDED_AVAILABILITY = YES_AGGRESSIVE;
				CLANG_WARN_UNREACHABLE_CODE = YES;
				CLANG_WARN__DUPLICATE_METHOD_MATCH = YES;
				CODE_SIGN_IDENTITY = "iPhone Developer";
				COPY_PHASE_STRIP = NO;
				DEBUG_INFORMATION_FORMAT = dwarf;
				ENABLE_STRICT_OBJC_MSGSEND = YES;
				ENABLE_TESTABILITY = YES;
				GCC_C_LANGUAGE_STANDARD = gnu11;
				GCC_DYNAMIC_NO_PIC = NO;
				GCC_NO_COMMON_BLOCKS = YES;
				GCC_OPTIMIZATION_LEVEL = 0;
				GCC_PREPROCESSOR_DEFINITIONS = (
					"DEBUG=1",
					"$(inherited)",
				);
				GCC_WARN_64_TO_32_BIT_CONVERSION = YES;
				GCC_WARN_ABOUT_RETURN_TYPE = YES_ERROR;
				GCC_WARN_UNDECLARED_SELECTOR = YES;
				GCC_WARN_UNINITIALIZED_AUTOS = YES_AGGRESSIVE;
				GCC_WARN_UNUSED_FUNCTION = YES;
				GCC_WARN_UNUSED_VARIABLE = YES;
				IPHONEOS_DEPLOYMENT_TARGET = 11.2;
				MTL_ENABLE_DEBUG_INFO = YES;
				ONLY_ACTIVE_ARCH = YES;
				SDKROOT = iphoneos;
			};
			name = Debug;
		};
		5E26B6732042FE2A008AFFFF /* Release */ = {
			isa = XCBuildConfiguration;
			buildSettings = {
				ALWAYS_SEARCH_USER_PATHS = NO;
				CLANG_ANALYZER_NONNULL = YES;
				CLANG_ANALYZER_NUMBER_OBJECT_CONVERSION = YES_AGGRESSIVE;
				CLANG_CXX_LANGUAGE_STANDARD = "gnu++14";
				CLANG_CXX_LIBRARY = "libc++";
				CLANG_ENABLE_MODULES = YES;
				CLANG_ENABLE_OBJC_ARC = YES;
				CLANG_WARN_BLOCK_CAPTURE_AUTORELEASING = YES;
				CLANG_WARN_BOOL_CONVERSION = YES;
				CLANG_WARN_COMMA = YES;
				CLANG_WARN_CONSTANT_CONVERSION = YES;
				CLANG_WARN_DEPRECATED_OBJC_IMPLEMENTATIONS = YES;
				CLANG_WARN_DIRECT_OBJC_ISA_USAGE = YES_ERROR;
				CLANG_WARN_DOCUMENTATION_COMMENTS = YES;
				CLANG_WARN_EMPTY_BODY = YES;
				CLANG_WARN_ENUM_CONVERSION = YES;
				CLANG_WARN_INFINITE_RECURSION = YES;
				CLANG_WARN_INT_CONVERSION = YES;
				CLANG_WARN_NON_LITERAL_NULL_CONVERSION = YES;
				CLANG_WARN_OBJC_IMPLICIT_RETAIN_SELF = YES;
				CLANG_WARN_OBJC_LITERAL_CONVERSION = YES;
				CLANG_WARN_OBJC_ROOT_CLASS = YES_ERROR;
				CLANG_WARN_RANGE_LOOP_ANALYSIS = YES;
				CLANG_WARN_STRICT_PROTOTYPES = YES;
				CLANG_WARN_SUSPICIOUS_MOVE = YES;
				CLANG_WARN_UNGUARDED_AVAILABILITY = YES_AGGRESSIVE;
				CLANG_WARN_UNREACHABLE_CODE = YES;
				CLANG_WARN__DUPLICATE_METHOD_MATCH = YES;
				CODE_SIGN_IDENTITY = "iPhone Developer";
				COPY_PHASE_STRIP = NO;
				DEBUG_INFORMATION_FORMAT = "dwarf-with-dsym";
				ENABLE_NS_ASSERTIONS = NO;
				ENABLE_STRICT_OBJC_MSGSEND = YES;
				GCC_C_LANGUAGE_STANDARD = gnu11;
				GCC_NO_COMMON_BLOCKS = YES;
				GCC_WARN_64_TO_32_BIT_CONVERSION = YES;
				GCC_WARN_ABOUT_RETURN_TYPE = YES_ERROR;
				GCC_WARN_UNDECLARED_SELECTOR = YES;
				GCC_WARN_UNINITIALIZED_AUTOS = YES_AGGRESSIVE;
				GCC_WARN_UNUSED_FUNCTION = YES;
				GCC_WARN_UNUSED_VARIABLE = YES;
				IPHONEOS_DEPLOYMENT_TARGET = 11.2;
				MTL_ENABLE_DEBUG_INFO = NO;
				SDKROOT = iphoneos;
				VALIDATE_PRODUCT = YES;
			};
			name = Release;
		};
		5E26B6752042FE2A008AFFFF /* Debug */ = {
			isa = XCBuildConfiguration;
			buildSettings = {
				ALWAYS_EMBED_SWIFT_STANDARD_LIBRARIES = YES;
				ASSETCATALOG_COMPILER_APPICON_NAME = AppIcon;
				CODE_SIGN_STYLE = Automatic;
				DEVELOPMENT_TEAM = "";
				INFOPLIST_FILE = BallControlObjC/Info.plist;
				IPHONEOS_DEPLOYMENT_TARGET = 9.0;
				LD_RUNPATH_SEARCH_PATHS = "$(inherited) @executable_path/Frameworks";
				LIBRARY_SEARCH_PATHS = (
					"$(inherited)",
					"$(PROJECT_DIR)/ios/backendless",
				);
				PRODUCT_BUNDLE_IDENTIFIER = com.backendless.BallControlObjC;
				PRODUCT_NAME = "$(TARGET_NAME)";
				TARGETED_DEVICE_FAMILY = "1,2";
			};
			name = Debug;
		};
		5E26B6762042FE2A008AFFFF /* Release */ = {
			isa = XCBuildConfiguration;
			buildSettings = {
				ALWAYS_EMBED_SWIFT_STANDARD_LIBRARIES = YES;
				ASSETCATALOG_COMPILER_APPICON_NAME = AppIcon;
				CODE_SIGN_STYLE = Automatic;
				DEVELOPMENT_TEAM = "";
				INFOPLIST_FILE = BallControlObjC/Info.plist;
				IPHONEOS_DEPLOYMENT_TARGET = 9.0;
				LD_RUNPATH_SEARCH_PATHS = "$(inherited) @executable_path/Frameworks";
				LIBRARY_SEARCH_PATHS = (
					"$(inherited)",
					"$(PROJECT_DIR)/ios/backendless",
				);
				PRODUCT_BUNDLE_IDENTIFIER = com.backendless.BallControlObjC;
				PRODUCT_NAME = "$(TARGET_NAME)";
				TARGETED_DEVICE_FAMILY = "1,2";
			};
			name = Release;
		};
/* End XCBuildConfiguration section */

/* Begin XCConfigurationList section */
		5E26B6592042FE2A008AFFFF /* Build configuration list for PBXProject "BallControlObjC" */ = {
			isa = XCConfigurationList;
			buildConfigurations = (
				5E26B6722042FE2A008AFFFF /* Debug */,
				5E26B6732042FE2A008AFFFF /* Release */,
			);
			defaultConfigurationIsVisible = 0;
			defaultConfigurationName = Release;
		};
		5E26B6742042FE2A008AFFFF /* Build configuration list for PBXNativeTarget "BallControlObjC" */ = {
			isa = XCConfigurationList;
			buildConfigurations = (
				5E26B6752042FE2A008AFFFF /* Debug */,
				5E26B6762042FE2A008AFFFF /* Release */,
			);
			defaultConfigurationIsVisible = 0;
			defaultConfigurationName = Release;
		};
/* End XCConfigurationList section */
	};
	rootObject = 5E26B6562042FE2A008AFFFF /* Project object */;
}
